// !$*UTF8*$!
{
	archiveVersion = 1;
	classes = {
	};
	objectVersion = 51;
	objects = {

/* Begin PBXBuildFile section */
		37828AFB230B1E1F001D1EF9 /* AppDelegate.swift in Sources */ = {isa = PBXBuildFile; fileRef = 37828AFA230B1E1F001D1EF9 /* AppDelegate.swift */; };
		37828AFD230B1E1F001D1EF9 /* ViewController.swift in Sources */ = {isa = PBXBuildFile; fileRef = 37828AFC230B1E1F001D1EF9 /* ViewController.swift */; };
		37828B00230B1E1F001D1EF9 /* Main.storyboard in Resources */ = {isa = PBXBuildFile; fileRef = 37828AFE230B1E1F001D1EF9 /* Main.storyboard */; };
		37828B02230B1E20001D1EF9 /* Assets.xcassets in Resources */ = {isa = PBXBuildFile; fileRef = 37828B01230B1E20001D1EF9 /* Assets.xcassets */; };
		37828B05230B1E20001D1EF9 /* LaunchScreen.storyboard in Resources */ = {isa = PBXBuildFile; fileRef = 37828B03230B1E20001D1EF9 /* LaunchScreen.storyboard */; };
		37828B13230B25B1001D1EF9 /* Twitter.framework in Frameworks */ = {isa = PBXBuildFile; fileRef = 37828B0D230B210D001D1EF9 /* Twitter.framework */; };
		37828B14230B2A03001D1EF9 /* IOS_Twitter_Login-Bridging-Header.h in Sources */ = {isa = PBXBuildFile; fileRef = 37828B10230B22DB001D1EF9 /* IOS_Twitter_Login-Bridging-Header.h */; };
		8CECDA1D641E2C07A3E0134C /* Pods_IOS_Twitter_Login.framework in Frameworks */ = {isa = PBXBuildFile; fileRef = CE3282AC9755FD104AD81B18 /* Pods_IOS_Twitter_Login.framework */; };
/* End PBXBuildFile section */

/* Begin PBXFileReference section */
		1AA35B96171496276A782F72 /* Pods-IOS_Twitter_Login.debug.xcconfig */ = {isa = PBXFileReference; includeInIndex = 1; lastKnownFileType = text.xcconfig; name = "Pods-IOS_Twitter_Login.debug.xcconfig"; path = "Target Support Files/Pods-IOS_Twitter_Login/Pods-IOS_Twitter_Login.debug.xcconfig"; sourceTree = "<group>"; };
		37828AF7230B1E1F001D1EF9 /* IOS_Twitter_Login.app */ = {isa = PBXFileReference; explicitFileType = wrapper.application; includeInIndex = 0; path = IOS_Twitter_Login.app; sourceTree = BUILT_PRODUCTS_DIR; };
		37828AFA230B1E1F001D1EF9 /* AppDelegate.swift */ = {isa = PBXFileReference; lastKnownFileType = sourcecode.swift; path = AppDelegate.swift; sourceTree = "<group>"; };
		37828AFC230B1E1F001D1EF9 /* ViewController.swift */ = {isa = PBXFileReference; lastKnownFileType = sourcecode.swift; path = ViewController.swift; sourceTree = "<group>"; };
		37828AFF230B1E1F001D1EF9 /* Base */ = {isa = PBXFileReference; lastKnownFileType = file.storyboard; name = Base; path = Base.lproj/Main.storyboard; sourceTree = "<group>"; };
		37828B01230B1E20001D1EF9 /* Assets.xcassets */ = {isa = PBXFileReference; lastKnownFileType = folder.assetcatalog; path = Assets.xcassets; sourceTree = "<group>"; };
		37828B04230B1E20001D1EF9 /* Base */ = {isa = PBXFileReference; lastKnownFileType = file.storyboard; name = Base; path = Base.lproj/LaunchScreen.storyboard; sourceTree = "<group>"; };
		37828B06230B1E20001D1EF9 /* Info.plist */ = {isa = PBXFileReference; lastKnownFileType = text.plist.xml; path = Info.plist; sourceTree = "<group>"; };
		37828B0D230B210D001D1EF9 /* Twitter.framework */ = {isa = PBXFileReference; lastKnownFileType = wrapper.framework; name = Twitter.framework; path = System/Library/Frameworks/Twitter.framework; sourceTree = SDKROOT; };
		37828B10230B22DB001D1EF9 /* IOS_Twitter_Login-Bridging-Header.h */ = {isa = PBXFileReference; lastKnownFileType = sourcecode.c.h; path = "IOS_Twitter_Login-Bridging-Header.h"; sourceTree = "<group>"; };
		8F6890D7CF080D8D4816B20A /* Pods-IOS_Twitter_Login.release.xcconfig */ = {isa = PBXFileReference; includeInIndex = 1; lastKnownFileType = text.xcconfig; name = "Pods-IOS_Twitter_Login.release.xcconfig"; path = "Target Support Files/Pods-IOS_Twitter_Login/Pods-IOS_Twitter_Login.release.xcconfig"; sourceTree = "<group>"; };
		CE3282AC9755FD104AD81B18 /* Pods_IOS_Twitter_Login.framework */ = {isa = PBXFileReference; explicitFileType = wrapper.framework; includeInIndex = 0; path = Pods_IOS_Twitter_Login.framework; sourceTree = BUILT_PRODUCTS_DIR; };
/* End PBXFileReference section */

/* Begin PBXFrameworksBuildPhase section */
		37828AF4230B1E1F001D1EF9 /* Frameworks */ = {
			isa = PBXFrameworksBuildPhase;
			buildActionMask = 2147483647;
			files = (
				8CECDA1D641E2C07A3E0134C /* Pods_IOS_Twitter_Login.framework in Frameworks */,
				37828B13230B25B1001D1EF9 /* Twitter.framework in Frameworks */,
			);
			runOnlyForDeploymentPostprocessing = 0;
		};
/* End PBXFrameworksBuildPhase section */

/* Begin PBXGroup section */
		37828AEE230B1E1F001D1EF9 = {
			isa = PBXGroup;
			children = (
				37828AF9230B1E1F001D1EF9 /* IOS_Twitter_Login */,
				37828AF8230B1E1F001D1EF9 /* Products */,
				37828B0C230B210D001D1EF9 /* Frameworks */,
				3FA2E4724C6FCE6C46003529 /* Pods */,
			);
			sourceTree = "<group>";
		};
		37828AF8230B1E1F001D1EF9 /* Products */ = {
			isa = PBXGroup;
			children = (
				37828AF7230B1E1F001D1EF9 /* IOS_Twitter_Login.app */,
			);
			name = Products;
			sourceTree = "<group>";
		};
		37828AF9230B1E1F001D1EF9 /* IOS_Twitter_Login */ = {
			isa = PBXGroup;
			children = (
				37828AFA230B1E1F001D1EF9 /* AppDelegate.swift */,
				37828AFC230B1E1F001D1EF9 /* ViewController.swift */,
				37828AFE230B1E1F001D1EF9 /* Main.storyboard */,
				37828B01230B1E20001D1EF9 /* Assets.xcassets */,
				37828B03230B1E20001D1EF9 /* LaunchScreen.storyboard */,
				37828B06230B1E20001D1EF9 /* Info.plist */,
				37828B10230B22DB001D1EF9 /* IOS_Twitter_Login-Bridging-Header.h */,
			);
			path = IOS_Twitter_Login;
			sourceTree = "<group>";
		};
		37828B0C230B210D001D1EF9 /* Frameworks */ = {
			isa = PBXGroup;
			children = (
				37828B0D230B210D001D1EF9 /* Twitter.framework */,
				CE3282AC9755FD104AD81B18 /* Pods_IOS_Twitter_Login.framework */,
			);
			name = Frameworks;
			sourceTree = "<group>";
		};
		3FA2E4724C6FCE6C46003529 /* Pods */ = {
			isa = PBXGroup;
			children = (
				1AA35B96171496276A782F72 /* Pods-IOS_Twitter_Login.debug.xcconfig */,
				8F6890D7CF080D8D4816B20A /* Pods-IOS_Twitter_Login.release.xcconfig */,
			);
			path = Pods;
			sourceTree = "<group>";
		};
/* End PBXGroup section */

/* Begin PBXNativeTarget section */
		37828AF6230B1E1F001D1EF9 /* IOS_Twitter_Login */ = {
			isa = PBXNativeTarget;
			buildConfigurationList = 37828B09230B1E20001D1EF9 /* Build configuration list for PBXNativeTarget "IOS_Twitter_Login" */;
			buildPhases = (
				ABF03039482C58449DD53B07 /* [CP] Check Pods Manifest.lock */,
				37828AF3230B1E1F001D1EF9 /* Sources */,
				37828AF4230B1E1F001D1EF9 /* Frameworks */,
				37828AF5230B1E1F001D1EF9 /* Resources */,
				96596DA1633147E9378380CA /* [CP] Embed Pods Frameworks */,
				BEC5AEA7375B535ED7A3E9F1 /* [CP] Copy Pods Resources */,
			);
			buildRules = (
			);
			dependencies = (
			);
			name = IOS_Twitter_Login;
			productName = IOS_Twitter_Login;
			productReference = 37828AF7230B1E1F001D1EF9 /* IOS_Twitter_Login.app */;
			productType = "com.apple.product-type.application";
		};
/* End PBXNativeTarget section */

/* Begin PBXProject section */
		37828AEF230B1E1F001D1EF9 /* Project object */ = {
			isa = PBXProject;
			attributes = {
				LastSwiftUpdateCheck = 1030;
				LastUpgradeCheck = 1030;
				ORGANIZATIONNAME = Dan;
				TargetAttributes = {
					37828AF6230B1E1F001D1EF9 = {
						CreatedOnToolsVersion = 10.3;
						LastSwiftMigration = 1030;
					};
				};
			};
			buildConfigurationList = 37828AF2230B1E1F001D1EF9 /* Build configuration list for PBXProject "IOS_Twitter_Login" */;
			compatibilityVersion = "Xcode 9.3";
			developmentRegion = en;
			hasScannedForEncodings = 0;
			knownRegions = (
				en,
				Base,
			);
			mainGroup = 37828AEE230B1E1F001D1EF9;
			productRefGroup = 37828AF8230B1E1F001D1EF9 /* Products */;
			projectDirPath = "";
			projectRoot = "";
			targets = (
				37828AF6230B1E1F001D1EF9 /* IOS_Twitter_Login */,
			);
		};
/* End PBXProject section */

/* Begin PBXResourcesBuildPhase section */
		37828AF5230B1E1F001D1EF9 /* Resources */ = {
			isa = PBXResourcesBuildPhase;
			buildActionMask = 2147483647;
			files = (
				37828B05230B1E20001D1EF9 /* LaunchScreen.storyboard in Resources */,
				37828B02230B1E20001D1EF9 /* Assets.xcassets in Resources */,
				37828B00230B1E1F001D1EF9 /* Main.storyboard in Resources */,
			);
			runOnlyForDeploymentPostprocessing = 0;
		};
/* End PBXResourcesBuildPhase section */

/* Begin PBXShellScriptBuildPhase section */
		96596DA1633147E9378380CA /* [CP] Embed Pods Frameworks */ = {
			isa = PBXShellScriptBuildPhase;
			buildActionMask = 2147483647;
			files = (
			);
			inputFileListPaths = (
				"${PODS_ROOT}/Target Support Files/Pods-IOS_Twitter_Login/Pods-IOS_Twitter_Login-frameworks-${CONFIGURATION}-input-files.xcfilelist",
			);
			name = "[CP] Embed Pods Frameworks";
			outputFileListPaths = (
				"${PODS_ROOT}/Target Support Files/Pods-IOS_Twitter_Login/Pods-IOS_Twitter_Login-frameworks-${CONFIGURATION}-output-files.xcfilelist",
			);
			runOnlyForDeploymentPostprocessing = 0;
			shellPath = /bin/sh;
			shellScript = "\"${PODS_ROOT}/Target Support Files/Pods-IOS_Twitter_Login/Pods-IOS_Twitter_Login-frameworks.sh\"\n";
			showEnvVarsInLog = 0;
		};
		ABF03039482C58449DD53B07 /* [CP] Check Pods Manifest.lock */ = {
			isa = PBXShellScriptBuildPhase;
			buildActionMask = 2147483647;
			files = (
			);
			inputFileListPaths = (
			);
			inputPaths = (
				"${PODS_PODFILE_DIR_PATH}/Podfile.lock",
				"${PODS_ROOT}/Manifest.lock",
			);
			name = "[CP] Check Pods Manifest.lock";
			outputFileListPaths = (
			);
			outputPaths = (
				"$(DERIVED_FILE_DIR)/Pods-IOS_Twitter_Login-checkManifestLockResult.txt",
			);
			runOnlyForDeploymentPostprocessing = 0;
			shellPath = /bin/sh;
			shellScript = "diff \"${PODS_PODFILE_DIR_PATH}/Podfile.lock\" \"${PODS_ROOT}/Manifest.lock\" > /dev/null\nif [ $? != 0 ] ; then\n    # print error to STDERR\n    echo \"error: The sandbox is not in sync with the Podfile.lock. Run 'pod install' or update your CocoaPods installation.\" >&2\n    exit 1\nfi\n# This output is used by Xcode 'outputs' to avoid re-running this script phase.\necho \"SUCCESS\" > \"${SCRIPT_OUTPUT_FILE_0}\"\n";
			showEnvVarsInLog = 0;
		};
		BEC5AEA7375B535ED7A3E9F1 /* [CP] Copy Pods Resources */ = {
			isa = PBXShellScriptBuildPhase;
			buildActionMask = 2147483647;
			files = (
			);
			inputFileListPaths = (
				"${PODS_ROOT}/Target Support Files/Pods-IOS_Twitter_Login/Pods-IOS_Twitter_Login-resources-${CONFIGURATION}-input-files.xcfilelist",
			);
			name = "[CP] Copy Pods Resources";
			outputFileListPaths = (
				"${PODS_ROOT}/Target Support Files/Pods-IOS_Twitter_Login/Pods-IOS_Twitter_Login-resources-${CONFIGURATION}-output-files.xcfilelist",
			);
			runOnlyForDeploymentPostprocessing = 0;
			shellPath = /bin/sh;
			shellScript = "\"${PODS_ROOT}/Target Support Files/Pods-IOS_Twitter_Login/Pods-IOS_Twitter_Login-resources.sh\"\n";
			showEnvVarsInLog = 0;
		};
/* End PBXShellScriptBuildPhase section */

/* Begin PBXSourcesBuildPhase section */
		37828AF3230B1E1F001D1EF9 /* Sources */ = {
			isa = PBXSourcesBuildPhase;
			buildActionMask = 2147483647;
			files = (
				37828B14230B2A03001D1EF9 /* IOS_Twitter_Login-Bridging-Header.h in Sources */,
				37828AFD230B1E1F001D1EF9 /* ViewController.swift in Sources */,
				37828AFB230B1E1F001D1EF9 /* AppDelegate.swift in Sources */,
			);
			runOnlyForDeploymentPostprocessing = 0;
		};
/* End PBXSourcesBuildPhase section */

/* Begin PBXVariantGroup section */
		37828AFE230B1E1F001D1EF9 /* Main.storyboard */ = {
			isa = PBXVariantGroup;
			children = (
				37828AFF230B1E1F001D1EF9 /* Base */,
			);
			name = Main.storyboard;
			sourceTree = "<group>";
		};
		37828B03230B1E20001D1EF9 /* LaunchScreen.storyboard */ = {
			isa = PBXVariantGroup;
			children = (
				37828B04230B1E20001D1EF9 /* Base */,
			);
			name = LaunchScreen.storyboard;
			sourceTree = "<group>";
		};
/* End PBXVariantGroup section */

/* Begin XCBuildConfiguration section */
		37828B07230B1E20001D1EF9 /* Debug */ = {
			isa = XCBuildConfiguration;
			buildSettings = {
				ALWAYS_SEARCH_USER_PATHS = NO;
				CLANG_ANALYZER_NONNULL = YES;
				CLANG_ANALYZER_NUMBER_OBJECT_CONVERSION = YES_AGGRESSIVE;
				CLANG_CXX_LANGUAGE_STANDARD = "gnu++14";
				CLANG_CXX_LIBRARY = "libc++";
				CLANG_ENABLE_MODULES = YES;
				CLANG_ENABLE_OBJC_ARC = YES;
				CLANG_ENABLE_OBJC_WEAK = YES;
				CLANG_WARN_BLOCK_CAPTURE_AUTORELEASING = YES;
				CLANG_WARN_BOOL_CONVERSION = YES;
				CLANG_WARN_COMMA = YES;
				CLANG_WARN_CONSTANT_CONVERSION = YES;
				CLANG_WARN_DEPRECATED_OBJC_IMPLEMENTATIONS = YES;
				CLANG_WARN_DIRECT_OBJC_ISA_USAGE = YES_ERROR;
				CLANG_WARN_DOCUMENTATION_COMMENTS = YES;
				CLANG_WARN_EMPTY_BODY = YES;
				CLANG_WARN_ENUM_CONVERSION = YES;
				CLANG_WARN_INFINITE_RECURSION = YES;
				CLANG_WARN_INT_CONVERSION = YES;
				CLANG_WARN_NON_LITERAL_NULL_CONVERSION = YES;
				CLANG_WARN_OBJC_IMPLICIT_RETAIN_SELF = YES;
				CLANG_WARN_OBJC_LITERAL_CONVERSION = YES;
				CLANG_WARN_OBJC_ROOT_CLASS = YES_ERROR;
				CLANG_WARN_RANGE_LOOP_ANALYSIS = YES;
				CLANG_WARN_STRICT_PROTOTYPES = YES;
				CLANG_WARN_SUSPICIOUS_MOVE = YES;
				CLANG_WARN_UNGUARDED_AVAILABILITY = YES_AGGRESSIVE;
				CLANG_WARN_UNREACHABLE_CODE = YES;
				CLANG_WARN__DUPLICATE_METHOD_MATCH = YES;
				CODE_SIGN_IDENTITY = "iPhone Developer";
				COPY_PHASE_STRIP = NO;
				DEBUG_INFORMATION_FORMAT = dwarf;
				ENABLE_STRICT_OBJC_MSGSEND = YES;
				ENABLE_TESTABILITY = YES;
				GCC_C_LANGUAGE_STANDARD = gnu11;
				GCC_DYNAMIC_NO_PIC = NO;
				GCC_NO_COMMON_BLOCKS = YES;
				GCC_OPTIMIZATION_LEVEL = 0;
				GCC_PREPROCESSOR_DEFINITIONS = (
					"DEBUG=1",
					"$(inherited)",
				);
				GCC_WARN_64_TO_32_BIT_CONVERSION = YES;
				GCC_WARN_ABOUT_RETURN_TYPE = YES_ERROR;
				GCC_WARN_UNDECLARED_SELECTOR = YES;
				GCC_WARN_UNINITIALIZED_AUTOS = YES_AGGRESSIVE;
				GCC_WARN_UNUSED_FUNCTION = YES;
				GCC_WARN_UNUSED_VARIABLE = YES;
				IPHONEOS_DEPLOYMENT_TARGET = 12.4;
				MTL_ENABLE_DEBUG_INFO = INCLUDE_SOURCE;
				MTL_FAST_MATH = YES;
				ONLY_ACTIVE_ARCH = YES;
				SDKROOT = iphoneos;
				SWIFT_ACTIVE_COMPILATION_CONDITIONS = DEBUG;
				SWIFT_OPTIMIZATION_LEVEL = "-Onone";
			};
			name = Debug;
		};
		37828B08230B1E20001D1EF9 /* Release */ = {
			isa = XCBuildConfiguration;
			buildSettings = {
				ALWAYS_SEARCH_USER_PATHS = NO;
				CLANG_ANALYZER_NONNULL = YES;
				CLANG_ANALYZER_NUMBER_OBJECT_CONVERSION = YES_AGGRESSIVE;
				CLANG_CXX_LANGUAGE_STANDARD = "gnu++14";
				CLANG_CXX_LIBRARY = "libc++";
				CLANG_ENABLE_MODULES = YES;
				CLANG_ENABLE_OBJC_ARC = YES;
				CLANG_ENABLE_OBJC_WEAK = YES;
				CLANG_WARN_BLOCK_CAPTURE_AUTORELEASING = YES;
				CLANG_WARN_BOOL_CONVERSION = YES;
				CLANG_WARN_COMMA = YES;
				CLANG_WARN_CONSTANT_CONVERSION = YES;
				CLANG_WARN_DEPRECATED_OBJC_IMPLEMENTATIONS = YES;
				CLANG_WARN_DIRECT_OBJC_ISA_USAGE = YES_ERROR;
				CLANG_WARN_DOCUMENTATION_COMMENTS = YES;
				CLANG_WARN_EMPTY_BODY = YES;
				CLANG_WARN_ENUM_CONVERSION = YES;
				CLANG_WARN_INFINITE_RECURSION = YES;
				CLANG_WARN_INT_CONVERSION = YES;
				CLANG_WARN_NON_LITERAL_NULL_CONVERSION = YES;
				CLANG_WARN_OBJC_IMPLICIT_RETAIN_SELF = YES;
				CLANG_WARN_OBJC_LITERAL_CONVERSION = YES;
				CLANG_WARN_OBJC_ROOT_CLASS = YES_ERROR;
				CLANG_WARN_RANGE_LOOP_ANALYSIS = YES;
				CLANG_WARN_STRICT_PROTOTYPES = YES;
				CLANG_WARN_SUSPICIOUS_MOVE = YES;
				CLANG_WARN_UNGUARDED_AVAILABILITY = YES_AGGRESSIVE;
				CLANG_WARN_UNREACHABLE_CODE = YES;
				CLANG_WARN__DUPLICATE_METHOD_MATCH = YES;
				CODE_SIGN_IDENTITY = "iPhone Developer";
				COPY_PHASE_STRIP = NO;
				DEBUG_INFORMATION_FORMAT = "dwarf-with-dsym";
				ENABLE_NS_ASSERTIONS = NO;
				ENABLE_STRICT_OBJC_MSGSEND = YES;
				GCC_C_LANGUAGE_STANDARD = gnu11;
				GCC_NO_COMMON_BLOCKS = YES;
				GCC_WARN_64_TO_32_BIT_CONVERSION = YES;
				GCC_WARN_ABOUT_RETURN_TYPE = YES_ERROR;
				GCC_WARN_UNDECLARED_SELECTOR = YES;
				GCC_WARN_UNINITIALIZED_AUTOS = YES_AGGRESSIVE;
				GCC_WARN_UNUSED_FUNCTION = YES;
				GCC_WARN_UNUSED_VARIABLE = YES;
				IPHONEOS_DEPLOYMENT_TARGET = 12.4;
				MTL_ENABLE_DEBUG_INFO = NO;
				MTL_FAST_MATH = YES;
				SDKROOT = iphoneos;
				SWIFT_COMPILATION_MODE = wholemodule;
				SWIFT_OPTIMIZATION_LEVEL = "-O";
				VALIDATE_PRODUCT = YES;
			};
			name = Release;
		};
		37828B0A230B1E20001D1EF9 /* Debug */ = {
			isa = XCBuildConfiguration;
			baseConfigurationReference = 1AA35B96171496276A782F72 /* Pods-IOS_Twitter_Login.debug.xcconfig */;
			buildSettings = {
				ASSETCATALOG_COMPILER_APPICON_NAME = AppIcon;
				CLANG_ENABLE_MODULES = YES;
				CODE_SIGN_STYLE = Automatic;
				DEVELOPMENT_TEAM = PW836H87DH;
				INFOPLIST_FILE = IOS_Twitter_Login/Info.plist;
				LD_RUNPATH_SEARCH_PATHS = (
					"$(inherited)",
					"@executable_path/Frameworks",
				);
				PRODUCT_BUNDLE_IDENTIFIER = "br.dan.fltwitterlogin.IOS-Twitter-Login";
				PRODUCT_NAME = "$(TARGET_NAME)";
				SWIFT_OBJC_BRIDGING_HEADER = "IOS_Twitter_Login/IOS_Twitter_Login-Bridging-Header.h";
				SWIFT_OPTIMIZATION_LEVEL = "-Onone";
				SWIFT_VERSION = 5.0;
				TARGETED_DEVICE_FAMILY = "1,2";
			};
			name = Debug;
		};
		37828B0B230B1E20001D1EF9 /* Release */ = {
			isa = XCBuildConfiguration;
			baseConfigurationReference = 8F6890D7CF080D8D4816B20A /* Pods-IOS_Twitter_Login.release.xcconfig */;
			buildSettings = {
				ASSETCATALOG_COMPILER_APPICON_NAME = AppIcon;
				CLANG_ENABLE_MODULES = YES;
				CODE_SIGN_STYLE = Automatic;
				DEVELOPMENT_TEAM = PW836H87DH;
				INFOPLIST_FILE = IOS_Twitter_Login/Info.plist;
				LD_RUNPATH_SEARCH_PATHS = (
					"$(inherited)",
					"@executable_path/Frameworks",
				);
				PRODUCT_BUNDLE_IDENTIFIER = "br.dan.fltwitterlogin.IOS-Twitter-Login";
				PRODUCT_NAME = "$(TARGET_NAME)";
				SWIFT_OBJC_BRIDGING_HEADER = "IOS_Twitter_Login/IOS_Twitter_Login-Bridging-Header.h";
				SWIFT_VERSION = 5.0;
				TARGETED_DEVICE_FAMILY = "1,2";
			};
			name = Release;
		};
/* End XCBuildConfiguration section */

/* Begin XCConfigurationList section */
		37828AF2230B1E1F001D1EF9 /* Build configuration list for PBXProject "IOS_Twitter_Login" */ = {
			isa = XCConfigurationList;
			buildConfigurations = (
				37828B07230B1E20001D1EF9 /* Debug */,
				37828B08230B1E20001D1EF9 /* Release */,
			);
			defaultConfigurationIsVisible = 0;
			defaultConfigurationName = Release;
		};
		37828B09230B1E20001D1EF9 /* Build configuration list for PBXNativeTarget "IOS_Twitter_Login" */ = {
			isa = XCConfigurationList;
			buildConfigurations = (
				37828B0A230B1E20001D1EF9 /* Debug */,
				37828B0B230B1E20001D1EF9 /* Release */,
			);
			defaultConfigurationIsVisible = 0;
			defaultConfigurationName = Release;
		};
/* End XCConfigurationList section */
	};
	rootObject = 37828AEF230B1E1F001D1EF9 /* Project object */;
}
